
Microsoft Visual Studio Solution File, Format Version 12.00
# Visual Studio Version 17
VisualStudioVersion = 17.5.33502.453
MinimumVisualStudioVersion = 10.0.40219.1
Project("{2150E333-8FDC-42A3-9474-1A3956D46DE8}") = "Internal", "Internal", "{6FE2612D-75CA-4B3D-B84D-9698904D4184}"
	ProjectSection(SolutionItems) = preProject
		Internal\.editorconfig = Internal\.editorconfig
	EndProjectSection
EndProject
Project("{2150E333-8FDC-42A3-9474-1A3956D46DE8}") = "Scripts", "Scripts", "{39C64E4F-9E73-484E-A0A8-3F9F3980F8B4}"
EndProject
Project("{2150E333-8FDC-42A3-9474-1A3956D46DE8}") = "Dlls", "Dlls", "{952012EB-F73B-4432-8CFD-78428BE83DD7}"
	ProjectSection(SolutionItems) = preProject
		Dlls\ABOUT.md = Dlls\ABOUT.md
	EndProjectSection
EndProject
Project("{2150E333-8FDC-42A3-9474-1A3956D46DE8}") = "CompanionFiles", "CompanionFiles", "{0201DE1E-E182-4F55-81F1-5CE5BF9DDF6A}"
EndProject
Project("{2150E333-8FDC-42A3-9474-1A3956D46DE8}") = "Skyline DataMiner", "Skyline DataMiner", "{F46D0E88-7FA3-4551-9CFC-8C31D814A7F1}"
	ProjectSection(SolutionItems) = preProject
		CompanionFiles\Skyline DataMiner\AboutThisFolder.md = CompanionFiles\Skyline DataMiner\AboutThisFolder.md
	EndProjectSection
EndProject
Project("{2150E333-8FDC-42A3-9474-1A3956D46DE8}") = "Documentation", "Documentation", "{9F3F5540-1799-45E5-A91B-C047B11C2337}"
	ProjectSection(SolutionItems) = preProject
		Documentation\ABOUT.md = Documentation\ABOUT.md
		README.md = README.md
	EndProjectSection
EndProject
Project("{2150E333-8FDC-42A3-9474-1A3956D46DE8}") = "Tests", "Tests", "{F8938D60-51A0-4880-9CFC-19C66379BB5D}"
EndProject
Project("{2150E333-8FDC-42A3-9474-1A3956D46DE8}") = "Code Analysis", "Code Analysis", "{3E331D29-CECE-4B3D-8E7A-36A9FB014BD5}"
	ProjectSection(SolutionItems) = preProject
		Internal\Code Analysis\qaction-debug.ruleset = Internal\Code Analysis\qaction-debug.ruleset
		Internal\Code Analysis\qaction-release.ruleset = Internal\Code Analysis\qaction-release.ruleset
		Internal\Code Analysis\stylecop.json = Internal\Code Analysis\stylecop.json
	EndProjectSection
EndProject
Project("{2150E333-8FDC-42A3-9474-1A3956D46DE8}") = "ExtractNameFromMail", "ExtractNameFromMail", "{1E21BA8D-27B8-4066-93B7-5F1E96CBBAB9}"
	ProjectSection(SolutionItems) = preProject
		ExtractNameFromMail.xml = ExtractNameFromMail.xml
	EndProjectSection
EndProject
Project("{2150E333-8FDC-42A3-9474-1A3956D46DE8}") = "Actions", "Actions", "{DE8F4191-BA2B-4D16-9438-4313F70B847D}"
EndProject
Project("{9A19103F-16F7-4668-BE54-9A1E7A4F7556}") = "ExtractNameFromMail_1", "ExtractNameFromMail_1\ExtractNameFromMail_1.csproj", "{458EE353-DA08-4287-B590-AAA67BC837E3}"
EndProject
Global
	GlobalSection(SolutionConfigurationPlatforms) = preSolution
		Debug|Any CPU = Debug|Any CPU
		Release|Any CPU = Release|Any CPU
	EndGlobalSection
	GlobalSection(ProjectConfigurationPlatforms) = postSolution
		{458EE353-DA08-4287-B590-AAA67BC837E3}.Debug|Any CPU.ActiveCfg = Debug|Any CPU
		{458EE353-DA08-4287-B590-AAA67BC837E3}.Debug|Any CPU.Build.0 = Debug|Any CPU
		{458EE353-DA08-4287-B590-AAA67BC837E3}.Release|Any CPU.ActiveCfg = Release|Any CPU
		{458EE353-DA08-4287-B590-AAA67BC837E3}.Release|Any CPU.Build.0 = Release|Any CPU
	EndGlobalSection
	GlobalSection(SolutionProperties) = preSolution
		HideSolutionNode = FALSE
	EndGlobalSection
	GlobalSection(NestedProjects) = preSolution
		{F46D0E88-7FA3-4551-9CFC-8C31D814A7F1} = {0201DE1E-E182-4F55-81F1-5CE5BF9DDF6A}
		{3E331D29-CECE-4B3D-8E7A-36A9FB014BD5} = {6FE2612D-75CA-4B3D-B84D-9698904D4184}
		{1E21BA8D-27B8-4066-93B7-5F1E96CBBAB9} = {39C64E4F-9E73-484E-A0A8-3F9F3980F8B4}
		{DE8F4191-BA2B-4D16-9438-4313F70B847D} = {1E21BA8D-27B8-4066-93B7-5F1E96CBBAB9}
		{458EE353-DA08-4287-B590-AAA67BC837E3} = {DE8F4191-BA2B-4D16-9438-4313F70B847D}
	EndGlobalSection
	GlobalSection(ExtensibilityGlobals) = postSolution
		SolutionGuid = {9A14617A-9258-4F27-83A4-076A906035EE}
	EndGlobalSection
EndGlobal
